
Microsoft Visual Studio Solution File, Format Version 12.00
# Visual Studio 15
VisualStudioVersion = 15.0.28307.421
MinimumVisualStudioVersion = 10.0.40219.1
Project("{FAE04EC0-301F-11D3-BF4B-00C04F79EFBC}") = "Fraktal", "Fraktal\Fraktal.csproj", "{CF7B5D87-99C0-4C14-9221-B51D0177AE98}"
EndProject
Global
	GlobalSection(SolutionConfigurationPlatforms) = preSolution
		Debug|Any CPU = Debug|Any CPU
		Release|Any CPU = Release|Any CPU
	EndGlobalSection
	GlobalSection(ProjectConfigurationPlatforms) = postSolution
		{CF7B5D87-99C0-4C14-9221-B51D0177AE98}.Debug|Any CPU.ActiveCfg = Debug|Any CPU
		{CF7B5D87-99C0-4C14-9221-B51D0177AE98}.Debug|Any CPU.Build.0 = Debug|Any CPU
		{CF7B5D87-99C0-4C14-9221-B51D0177AE98}.Release|Any CPU.ActiveCfg = Release|Any CPU
		{CF7B5D87-99C0-4C14-9221-B51D0177AE98}.Release|Any CPU.Build.0 = Release|Any CPU
	EndGlobalSection
	GlobalSection(SolutionProperties) = preSolution
		HideSolutionNode = FALSE
	EndGlobalSection
	GlobalSection(ExtensibilityGlobals) = postSolution
		SolutionGuid = {E61B38F2-FC96-4A9B-B2E6-EB4419ED01F9}
	EndGlobalSection
EndGlobal
